
Microsoft Visual Studio Solution File, Format Version 12.00
# Visual Studio Version 16
VisualStudioVersion = 16.0.30128.74
MinimumVisualStudioVersion = 10.0.40219.1
Project("{9A19103F-16F7-4668-BE54-9A1E7A4F7556}") = "Brasserie.Web", "Brasserie.Web\Brasserie.Web.csproj", "{899AD7EC-16B1-4E6C-85B3-46DC54AA7A7B}"
	ProjectSection(ProjectDependencies) = postProject
		{19858352-727C-4B28-9117-064670ABD562} = {19858352-727C-4B28-9117-064670ABD562}
		{8A74C6C9-CEDD-4B8A-96EB-CF1F32E93802} = {8A74C6C9-CEDD-4B8A-96EB-CF1F32E93802}
		{1D9EC5FD-2DAD-4557-8264-86C42A154FE1} = {1D9EC5FD-2DAD-4557-8264-86C42A154FE1}
	EndProjectSection
EndProject
Project("{9A19103F-16F7-4668-BE54-9A1E7A4F7556}") = "Brasserie.Data", "Brasserie.Data\Brasserie.Data.csproj", "{19858352-727C-4B28-9117-064670ABD562}"
EndProject
Project("{9A19103F-16F7-4668-BE54-9A1E7A4F7556}") = "Brasserie.Core", "Brasserie.Core\Brasserie.Core.csproj", "{1D9EC5FD-2DAD-4557-8264-86C42A154FE1}"
EndProject
Project("{9A19103F-16F7-4668-BE54-9A1E7A4F7556}") = "Brasserie.Service", "Brasserie.Service\Brasserie.Service.csproj", "{8A74C6C9-CEDD-4B8A-96EB-CF1F32E93802}"
	ProjectSection(ProjectDependencies) = postProject
		{19858352-727C-4B28-9117-064670ABD562} = {19858352-727C-4B28-9117-064670ABD562}
		{1D9EC5FD-2DAD-4557-8264-86C42A154FE1} = {1D9EC5FD-2DAD-4557-8264-86C42A154FE1}
	EndProjectSection
EndProject
Project("{9A19103F-16F7-4668-BE54-9A1E7A4F7556}") = "Brasserie.IntegrationTests", "Brasserie.IntegrationTests\Brasserie.IntegrationTests.csproj", "{743FEB0F-01CE-4C9D-9702-B269DE2A4FF7}"
	ProjectSection(ProjectDependencies) = postProject
		{899AD7EC-16B1-4E6C-85B3-46DC54AA7A7B} = {899AD7EC-16B1-4E6C-85B3-46DC54AA7A7B}
	EndProjectSection
EndProject
Project("{FAE04EC0-301F-11D3-BF4B-00C04F79EFBC}") = "UnitTests", "UnitTests\UnitTests.csproj", "{46B94E4E-638D-4B87-8CE6-6676E5057D65}"
EndProject
Global
	GlobalSection(SolutionConfigurationPlatforms) = preSolution
		Debug|Any CPU = Debug|Any CPU
		Release|Any CPU = Release|Any CPU
	EndGlobalSection
	GlobalSection(ProjectConfigurationPlatforms) = postSolution
		{899AD7EC-16B1-4E6C-85B3-46DC54AA7A7B}.Debug|Any CPU.ActiveCfg = Debug|Any CPU
		{899AD7EC-16B1-4E6C-85B3-46DC54AA7A7B}.Debug|Any CPU.Build.0 = Debug|Any CPU
		{899AD7EC-16B1-4E6C-85B3-46DC54AA7A7B}.Release|Any CPU.ActiveCfg = Release|Any CPU
		{899AD7EC-16B1-4E6C-85B3-46DC54AA7A7B}.Release|Any CPU.Build.0 = Release|Any CPU
		{19858352-727C-4B28-9117-064670ABD562}.Debug|Any CPU.ActiveCfg = Debug|Any CPU
		{19858352-727C-4B28-9117-064670ABD562}.Debug|Any CPU.Build.0 = Debug|Any CPU
		{19858352-727C-4B28-9117-064670ABD562}.Release|Any CPU.ActiveCfg = Release|Any CPU
		{19858352-727C-4B28-9117-064670ABD562}.Release|Any CPU.Build.0 = Release|Any CPU
		{1D9EC5FD-2DAD-4557-8264-86C42A154FE1}.Debug|Any CPU.ActiveCfg = Debug|Any CPU
		{1D9EC5FD-2DAD-4557-8264-86C42A154FE1}.Debug|Any CPU.Build.0 = Debug|Any CPU
		{1D9EC5FD-2DAD-4557-8264-86C42A154FE1}.Release|Any CPU.ActiveCfg = Release|Any CPU
		{1D9EC5FD-2DAD-4557-8264-86C42A154FE1}.Release|Any CPU.Build.0 = Release|Any CPU
		{8A74C6C9-CEDD-4B8A-96EB-CF1F32E93802}.Debug|Any CPU.ActiveCfg = Debug|Any CPU
		{8A74C6C9-CEDD-4B8A-96EB-CF1F32E93802}.Debug|Any CPU.Build.0 = Debug|Any CPU
		{8A74C6C9-CEDD-4B8A-96EB-CF1F32E93802}.Release|Any CPU.ActiveCfg = Release|Any CPU
		{8A74C6C9-CEDD-4B8A-96EB-CF1F32E93802}.Release|Any CPU.Build.0 = Release|Any CPU
		{743FEB0F-01CE-4C9D-9702-B269DE2A4FF7}.Debug|Any CPU.ActiveCfg = Debug|Any CPU
		{743FEB0F-01CE-4C9D-9702-B269DE2A4FF7}.Debug|Any CPU.Build.0 = Debug|Any CPU
		{743FEB0F-01CE-4C9D-9702-B269DE2A4FF7}.Release|Any CPU.ActiveCfg = Release|Any CPU
		{743FEB0F-01CE-4C9D-9702-B269DE2A4FF7}.Release|Any CPU.Build.0 = Release|Any CPU
		{46B94E4E-638D-4B87-8CE6-6676E5057D65}.Debug|Any CPU.ActiveCfg = Debug|Any CPU
		{46B94E4E-638D-4B87-8CE6-6676E5057D65}.Debug|Any CPU.Build.0 = Debug|Any CPU
		{46B94E4E-638D-4B87-8CE6-6676E5057D65}.Release|Any CPU.ActiveCfg = Release|Any CPU
		{46B94E4E-638D-4B87-8CE6-6676E5057D65}.Release|Any CPU.Build.0 = Release|Any CPU
	EndGlobalSection
	GlobalSection(SolutionProperties) = preSolution
		HideSolutionNode = FALSE
	EndGlobalSection
	GlobalSection(ExtensibilityGlobals) = postSolution
		SolutionGuid = {647D2E73-04EC-424B-9CBB-CE1150A3882C}
	EndGlobalSection
EndGlobal
